
Microsoft Visual Studio Solution File, Format Version 12.00
# Visual Studio Version 17
VisualStudioVersion = 17.0.31903.59
MinimumVisualStudioVersion = 10.0.40219.1
Project("{FAE04EC0-301F-11D3-BF4B-00C04F79EFBC}") = "API", "API\API.csproj", "{30E4DE47-570C-4E83-B5B6-119C863ED317}"
EndProject
Project("{FAE04EC0-301F-11D3-BF4B-00C04F79EFBC}") = "Application", "Application\Application.csproj", "{5D47FD4C-B46D-47B3-A45C-A798E62A9A0A}"
EndProject
Project("{FAE04EC0-301F-11D3-BF4B-00C04F79EFBC}") = "Domain", "Domain\Domain.csproj", "{E7960E04-22A4-461F-97C2-0D08E8EBE980}"
EndProject
Project("{FAE04EC0-301F-11D3-BF4B-00C04F79EFBC}") = "Persistence", "Persistence\Persistence.csproj", "{77561617-A755-431C-ACD0-D085BDD9BB32}"
EndProject
Project("{FAE04EC0-301F-11D3-BF4B-00C04F79EFBC}") = "Infrastructure", "Infrastructure\Infrastructure.csproj", "{39BAC975-8B42-40C5-B03D-0CF697861EAB}"
EndProject
Global
	GlobalSection(SolutionConfigurationPlatforms) = preSolution
		Debug|Any CPU = Debug|Any CPU
		Release|Any CPU = Release|Any CPU
	EndGlobalSection
	GlobalSection(SolutionProperties) = preSolution
		HideSolutionNode = FALSE
	EndGlobalSection
	GlobalSection(ProjectConfigurationPlatforms) = postSolution
		{30E4DE47-570C-4E83-B5B6-119C863ED317}.Debug|Any CPU.ActiveCfg = Debug|Any CPU
		{30E4DE47-570C-4E83-B5B6-119C863ED317}.Debug|Any CPU.Build.0 = Debug|Any CPU
		{30E4DE47-570C-4E83-B5B6-119C863ED317}.Release|Any CPU.ActiveCfg = Release|Any CPU
		{30E4DE47-570C-4E83-B5B6-119C863ED317}.Release|Any CPU.Build.0 = Release|Any CPU
		{5D47FD4C-B46D-47B3-A45C-A798E62A9A0A}.Debug|Any CPU.ActiveCfg = Debug|Any CPU
		{5D47FD4C-B46D-47B3-A45C-A798E62A9A0A}.Debug|Any CPU.Build.0 = Debug|Any CPU
		{5D47FD4C-B46D-47B3-A45C-A798E62A9A0A}.Release|Any CPU.ActiveCfg = Release|Any CPU
		{5D47FD4C-B46D-47B3-A45C-A798E62A9A0A}.Release|Any CPU.Build.0 = Release|Any CPU
		{E7960E04-22A4-461F-97C2-0D08E8EBE980}.Debug|Any CPU.ActiveCfg = Debug|Any CPU
		{E7960E04-22A4-461F-97C2-0D08E8EBE980}.Debug|Any CPU.Build.0 = Debug|Any CPU
		{E7960E04-22A4-461F-97C2-0D08E8EBE980}.Release|Any CPU.ActiveCfg = Release|Any CPU
		{E7960E04-22A4-461F-97C2-0D08E8EBE980}.Release|Any CPU.Build.0 = Release|Any CPU
		{77561617-A755-431C-ACD0-D085BDD9BB32}.Debug|Any CPU.ActiveCfg = Debug|Any CPU
		{77561617-A755-431C-ACD0-D085BDD9BB32}.Debug|Any CPU.Build.0 = Debug|Any CPU
		{77561617-A755-431C-ACD0-D085BDD9BB32}.Release|Any CPU.ActiveCfg = Release|Any CPU
		{77561617-A755-431C-ACD0-D085BDD9BB32}.Release|Any CPU.Build.0 = Release|Any CPU
		{39BAC975-8B42-40C5-B03D-0CF697861EAB}.Debug|Any CPU.ActiveCfg = Debug|Any CPU
		{39BAC975-8B42-40C5-B03D-0CF697861EAB}.Debug|Any CPU.Build.0 = Debug|Any CPU
		{39BAC975-8B42-40C5-B03D-0CF697861EAB}.Release|Any CPU.ActiveCfg = Release|Any CPU
		{39BAC975-8B42-40C5-B03D-0CF697861EAB}.Release|Any CPU.Build.0 = Release|Any CPU
	EndGlobalSection
EndGlobal
